
Microsoft Visual Studio Solution File, Format Version 12.00
# Visual Studio Version 17
VisualStudioVersion = 17.3.32901.215
MinimumVisualStudioVersion = 10.0.40219.1
Project("{9A19103F-16F7-4668-BE54-9A1E7A4F7556}") = "MindBox", "MindBox\MindBox.csproj", "{AE9E520A-78FB-44BC-9582-EFD5533A7A59}"
EndProject
Project("{9A19103F-16F7-4668-BE54-9A1E7A4F7556}") = "Circle Application", "MindBox Application\Circle Application.csproj", "{5B4EDC18-84EC-46A6-A91B-2305181E1CF2}"
EndProject
Project("{FAE04EC0-301F-11D3-BF4B-00C04F79EFBC}") = "Triangle Application", "Triangle Application\Triangle Application.csproj", "{1944508D-FB22-4905-A414-9FE674DCC40C}"
EndProject
Global
	GlobalSection(SolutionConfigurationPlatforms) = preSolution
		Debug|Any CPU = Debug|Any CPU
		Release|Any CPU = Release|Any CPU
	EndGlobalSection
	GlobalSection(ProjectConfigurationPlatforms) = postSolution
		{AE9E520A-78FB-44BC-9582-EFD5533A7A59}.Debug|Any CPU.ActiveCfg = Debug|Any CPU
		{AE9E520A-78FB-44BC-9582-EFD5533A7A59}.Debug|Any CPU.Build.0 = Debug|Any CPU
		{AE9E520A-78FB-44BC-9582-EFD5533A7A59}.Release|Any CPU.ActiveCfg = Release|Any CPU
		{AE9E520A-78FB-44BC-9582-EFD5533A7A59}.Release|Any CPU.Build.0 = Release|Any CPU
		{5B4EDC18-84EC-46A6-A91B-2305181E1CF2}.Debug|Any CPU.ActiveCfg = Debug|Any CPU
		{5B4EDC18-84EC-46A6-A91B-2305181E1CF2}.Debug|Any CPU.Build.0 = Debug|Any CPU
		{5B4EDC18-84EC-46A6-A91B-2305181E1CF2}.Release|Any CPU.ActiveCfg = Release|Any CPU
		{5B4EDC18-84EC-46A6-A91B-2305181E1CF2}.Release|Any CPU.Build.0 = Release|Any CPU
		{1944508D-FB22-4905-A414-9FE674DCC40C}.Debug|Any CPU.ActiveCfg = Debug|Any CPU
		{1944508D-FB22-4905-A414-9FE674DCC40C}.Debug|Any CPU.Build.0 = Debug|Any CPU
		{1944508D-FB22-4905-A414-9FE674DCC40C}.Release|Any CPU.ActiveCfg = Release|Any CPU
		{1944508D-FB22-4905-A414-9FE674DCC40C}.Release|Any CPU.Build.0 = Release|Any CPU
	EndGlobalSection
	GlobalSection(SolutionProperties) = preSolution
		HideSolutionNode = FALSE
	EndGlobalSection
	GlobalSection(ExtensibilityGlobals) = postSolution
		SolutionGuid = {80DB87EE-DBAF-43EA-BB37-64C0DB631F8D}
	EndGlobalSection
EndGlobal
